
Microsoft Visual Studio Solution File, Format Version 12.00
# Visual Studio Version 16
VisualStudioVersion = 16.0.30621.155
MinimumVisualStudioVersion = 10.0.40219.1
Project("{FAE04EC0-301F-11D3-BF4B-00C04F79EFBC}") = "13112020_ornek1", "13112020_ornek1\13112020_ornek1.csproj", "{AAFB8386-7DCF-4F80-AD13-F1F0D83FAB5F}"
EndProject
Global
	GlobalSection(SolutionConfigurationPlatforms) = preSolution
		Debug|Any CPU = Debug|Any CPU
		Release|Any CPU = Release|Any CPU
	EndGlobalSection
	GlobalSection(ProjectConfigurationPlatforms) = postSolution
		{AAFB8386-7DCF-4F80-AD13-F1F0D83FAB5F}.Debug|Any CPU.ActiveCfg = Debug|Any CPU
		{AAFB8386-7DCF-4F80-AD13-F1F0D83FAB5F}.Debug|Any CPU.Build.0 = Debug|Any CPU
		{AAFB8386-7DCF-4F80-AD13-F1F0D83FAB5F}.Release|Any CPU.ActiveCfg = Release|Any CPU
		{AAFB8386-7DCF-4F80-AD13-F1F0D83FAB5F}.Release|Any CPU.Build.0 = Release|Any CPU
	EndGlobalSection
	GlobalSection(SolutionProperties) = preSolution
		HideSolutionNode = FALSE
	EndGlobalSection
	GlobalSection(ExtensibilityGlobals) = postSolution
		SolutionGuid = {6FFC026A-4715-43CD-BFBB-5C30811D86B0}
	EndGlobalSection
EndGlobal
